
Microsoft Visual Studio Solution File, Format Version 12.00
# Visual Studio Version 17
VisualStudioVersion = 17.8.34330.188
MinimumVisualStudioVersion = 10.0.40219.1
Project("{FAE04EC0-301F-11D3-BF4B-00C04F79EFBC}") = "WindowsFormsApp3", "WindowsFormsApp3\WindowsFormsApp3.csproj", "{5E4177D7-B66A-49C0-BBD1-B0847CC663EC}"
EndProject
Global
	GlobalSection(SolutionConfigurationPlatforms) = preSolution
		Debug|Any CPU = Debug|Any CPU
		Release|Any CPU = Release|Any CPU
	EndGlobalSection
	GlobalSection(ProjectConfigurationPlatforms) = postSolution
		{5E4177D7-B66A-49C0-BBD1-B0847CC663EC}.Debug|Any CPU.ActiveCfg = Debug|Any CPU
		{5E4177D7-B66A-49C0-BBD1-B0847CC663EC}.Debug|Any CPU.Build.0 = Debug|Any CPU
		{5E4177D7-B66A-49C0-BBD1-B0847CC663EC}.Release|Any CPU.ActiveCfg = Release|Any CPU
		{5E4177D7-B66A-49C0-BBD1-B0847CC663EC}.Release|Any CPU.Build.0 = Release|Any CPU
	EndGlobalSection
	GlobalSection(SolutionProperties) = preSolution
		HideSolutionNode = FALSE
	EndGlobalSection
	GlobalSection(ExtensibilityGlobals) = postSolution
		SolutionGuid = {C3960ACC-FAC9-4997-94B2-FB06814912FB}
	EndGlobalSection
EndGlobal
